// !$*UTF8*$!
{
	archiveVersion = 1;
	classes = {
	};
	objectVersion = 50;
	objects = {

/* Begin PBXBuildFile section */
		4C0430A225DBF738000EAAC2 /* RadialMenu.swift in Sources */ = {isa = PBXBuildFile; fileRef = 4C0430A125DBF738000EAAC2 /* RadialMenu.swift */; };
		4C097A41258E92060089D98C /* HeroView.swift in Sources */ = {isa = PBXBuildFile; fileRef = 4C097A40258E92060089D98C /* HeroView.swift */; };
		4C1E7182256386A90001D6B1 /* OddComponentsApp.swift in Sources */ = {isa = PBXBuildFile; fileRef = 4C1E7181256386A90001D6B1 /* OddComponentsApp.swift */; };
		4C1E7184256386A90001D6B1 /* ContentView.swift in Sources */ = {isa = PBXBuildFile; fileRef = 4C1E7183256386A90001D6B1 /* ContentView.swift */; };
		4C1E7186256386AB0001D6B1 /* Assets.xcassets in Resources */ = {isa = PBXBuildFile; fileRef = 4C1E7185256386AB0001D6B1 /* Assets.xcassets */; };
		4C1E7189256386AB0001D6B1 /* Preview Assets.xcassets in Resources */ = {isa = PBXBuildFile; fileRef = 4C1E7188256386AB0001D6B1 /* Preview Assets.xcassets */; };
		4C2DCDE725BDB75F00B7115B /* LongPressButton.swift in Sources */ = {isa = PBXBuildFile; fileRef = 4C2DCDE625BDB75F00B7115B /* LongPressButton.swift */; };
		4C330F6325D1D2A300FA6070 /* ProgressViewStyles.swift in Sources */ = {isa = PBXBuildFile; fileRef = 4C330F6225D1D2A300FA6070 /* ProgressViewStyles.swift */; };
		4C33838525DD5E150096751B /* RemoteImage.swift in Sources */ = {isa = PBXBuildFile; fileRef = 4C33838425DD5E150096751B /* RemoteImage.swift */; };
		4C445C162563892100EE579D /* FilteringList.swift in Sources */ = {isa = PBXBuildFile; fileRef = 4C445C152563892100EE579D /* FilteringList.swift */; };
		4C445C1A25638A1100EE579D /* Singer.swift in Sources */ = {isa = PBXBuildFile; fileRef = 4C445C1925638A1100EE579D /* Singer.swift */; };
		4C506DA125812F710084E6A0 /* NetworkingExampleView.swift in Sources */ = {isa = PBXBuildFile; fileRef = 4C506DA025812F710084E6A0 /* NetworkingExampleView.swift */; };
		4C506DA52581322D0084E6A0 /* OddNetworking.swift in Sources */ = {isa = PBXBuildFile; fileRef = 4C506DA42581322D0084E6A0 /* OddNetworking.swift */; };
		4C58D8AE257CDE880042A46C /* ParticleConfig.swift in Sources */ = {isa = PBXBuildFile; fileRef = 4C58D8AD257CDE880042A46C /* ParticleConfig.swift */; };
		4C58D8B2257CE0D10042A46C /* Codable-Extensions.swift in Sources */ = {isa = PBXBuildFile; fileRef = 4C58D8B1257CE0D10042A46C /* Codable-Extensions.swift */; };
		4C5D7357257AABFE00AF0501 /* ParticleView.swift in Sources */ = {isa = PBXBuildFile; fileRef = 4C5D7356257AABFE00AF0501 /* ParticleView.swift */; };
		4C5D735B257AAC1000AF0501 /* Particle.xcassets in Resources */ = {isa = PBXBuildFile; fileRef = 4C5D735A257AAC1000AF0501 /* Particle.xcassets */; };
		4C67846225D5713D00072A25 /* AccessibleStack.swift in Sources */ = {isa = PBXBuildFile; fileRef = 4C67846125D5713D00072A25 /* AccessibleStack.swift */; };
		4C94449025DAA8E00065863C /* StretchingHeader.swift in Sources */ = {isa = PBXBuildFile; fileRef = 4C94448F25DAA8E00065863C /* StretchingHeader.swift */; };
		4CC46353257D098200523D4F /* confetti.json in Resources */ = {isa = PBXBuildFile; fileRef = 4CC46352257D098200523D4F /* confetti.json */; };
		4CC46357257D0C3500523D4F /* Bundle-Decodable.swift in Sources */ = {isa = PBXBuildFile; fileRef = 4CC46356257D0C3500523D4F /* Bundle-Decodable.swift */; };
		4CC4635B257D0EEF00523D4F /* explosion.json in Resources */ = {isa = PBXBuildFile; fileRef = 4CC4635A257D0EEF00523D4F /* explosion.json */; };
		4CC4635E257D0FE500523D4F /* fireflies.json in Resources */ = {isa = PBXBuildFile; fileRef = 4CC4635D257D0FE500523D4F /* fireflies.json */; };
		4CC46361257D0FFF00523D4F /* magic.json in Resources */ = {isa = PBXBuildFile; fileRef = 4CC46360257D0FFF00523D4F /* magic.json */; };
		4CC46364257D100F00523D4F /* rain.json in Resources */ = {isa = PBXBuildFile; fileRef = 4CC46363257D100F00523D4F /* rain.json */; };
		4CC46367257D102300523D4F /* smoke.json in Resources */ = {isa = PBXBuildFile; fileRef = 4CC46366257D102300523D4F /* smoke.json */; };
		4CC4636A257D103800523D4F /* snow.json in Resources */ = {isa = PBXBuildFile; fileRef = 4CC46369257D103800523D4F /* snow.json */; };
		4CCC7C8A259134410005ACF5 /* OddDefaults.swift in Sources */ = {isa = PBXBuildFile; fileRef = 4CCC7C89259134410005ACF5 /* OddDefaults.swift */; };
		4CED053925790CD2000C29F3 /* WaveView.swift in Sources */ = {isa = PBXBuildFile; fileRef = 4CED053825790CD2000C29F3 /* WaveView.swift */; };
		4CEEA4A625CEEE9D0077CD5A /* ToggleStyles.swift in Sources */ = {isa = PBXBuildFile; fileRef = 4CEEA4A525CEEE9D0077CD5A /* ToggleStyles.swift */; };
		4CFC2F5725C3511F00449C82 /* FlipView.swift in Sources */ = {isa = PBXBuildFile; fileRef = 4CFC2F5625C3511F00449C82 /* FlipView.swift */; };
/* End PBXBuildFile section */

/* Begin PBXFileReference section */
		4C0430A125DBF738000EAAC2 /* RadialMenu.swift */ = {isa = PBXFileReference; lastKnownFileType = sourcecode.swift; path = RadialMenu.swift; sourceTree = "<group>"; };
		4C097A40258E92060089D98C /* HeroView.swift */ = {isa = PBXFileReference; lastKnownFileType = sourcecode.swift; path = HeroView.swift; sourceTree = "<group>"; };
		4C1E717E256386A90001D6B1 /* OddComponents.app */ = {isa = PBXFileReference; explicitFileType = wrapper.application; includeInIndex = 0; path = OddComponents.app; sourceTree = BUILT_PRODUCTS_DIR; };
		4C1E7181256386A90001D6B1 /* OddComponentsApp.swift */ = {isa = PBXFileReference; lastKnownFileType = sourcecode.swift; path = OddComponentsApp.swift; sourceTree = "<group>"; };
		4C1E7183256386A90001D6B1 /* ContentView.swift */ = {isa = PBXFileReference; lastKnownFileType = sourcecode.swift; path = ContentView.swift; sourceTree = "<group>"; };
		4C1E7185256386AB0001D6B1 /* Assets.xcassets */ = {isa = PBXFileReference; lastKnownFileType = folder.assetcatalog; path = Assets.xcassets; sourceTree = "<group>"; };
		4C1E7188256386AB0001D6B1 /* Preview Assets.xcassets */ = {isa = PBXFileReference; lastKnownFileType = folder.assetcatalog; path = "Preview Assets.xcassets"; sourceTree = "<group>"; };
		4C1E718A256386AB0001D6B1 /* Info.plist */ = {isa = PBXFileReference; lastKnownFileType = text.plist.xml; path = Info.plist; sourceTree = "<group>"; };
		4C2DCDE625BDB75F00B7115B /* LongPressButton.swift */ = {isa = PBXFileReference; lastKnownFileType = sourcecode.swift; path = LongPressButton.swift; sourceTree = "<group>"; };
		4C330F6225D1D2A300FA6070 /* ProgressViewStyles.swift */ = {isa = PBXFileReference; lastKnownFileType = sourcecode.swift; path = ProgressViewStyles.swift; sourceTree = "<group>"; };
		4C33838425DD5E150096751B /* RemoteImage.swift */ = {isa = PBXFileReference; lastKnownFileType = sourcecode.swift; path = RemoteImage.swift; sourceTree = "<group>"; };
		4C445C152563892100EE579D /* FilteringList.swift */ = {isa = PBXFileReference; lastKnownFileType = sourcecode.swift; path = FilteringList.swift; sourceTree = "<group>"; };
		4C445C1925638A1100EE579D /* Singer.swift */ = {isa = PBXFileReference; lastKnownFileType = sourcecode.swift; path = Singer.swift; sourceTree = "<group>"; };
		4C506DA025812F710084E6A0 /* NetworkingExampleView.swift */ = {isa = PBXFileReference; lastKnownFileType = sourcecode.swift; path = NetworkingExampleView.swift; sourceTree = "<group>"; };
		4C506DA42581322D0084E6A0 /* OddNetworking.swift */ = {isa = PBXFileReference; lastKnownFileType = sourcecode.swift; path = OddNetworking.swift; sourceTree = "<group>"; };
		4C58D8AD257CDE880042A46C /* ParticleConfig.swift */ = {isa = PBXFileReference; lastKnownFileType = sourcecode.swift; path = ParticleConfig.swift; sourceTree = "<group>"; };
		4C58D8B1257CE0D10042A46C /* Codable-Extensions.swift */ = {isa = PBXFileReference; lastKnownFileType = sourcecode.swift; path = "Codable-Extensions.swift"; sourceTree = "<group>"; };
		4C5D7356257AABFE00AF0501 /* ParticleView.swift */ = {isa = PBXFileReference; lastKnownFileType = sourcecode.swift; path = ParticleView.swift; sourceTree = "<group>"; };
		4C5D735A257AAC1000AF0501 /* Particle.xcassets */ = {isa = PBXFileReference; lastKnownFileType = folder.assetcatalog; path = Particle.xcassets; sourceTree = "<group>"; };
		4C67846125D5713D00072A25 /* AccessibleStack.swift */ = {isa = PBXFileReference; lastKnownFileType = sourcecode.swift; path = AccessibleStack.swift; sourceTree = "<group>"; };
		4C94448F25DAA8E00065863C /* StretchingHeader.swift */ = {isa = PBXFileReference; lastKnownFileType = sourcecode.swift; path = StretchingHeader.swift; sourceTree = "<group>"; };
		4CC46352257D098200523D4F /* confetti.json */ = {isa = PBXFileReference; fileEncoding = 4; lastKnownFileType = text.json; path = confetti.json; sourceTree = "<group>"; };
		4CC46356257D0C3500523D4F /* Bundle-Decodable.swift */ = {isa = PBXFileReference; lastKnownFileType = sourcecode.swift; path = "Bundle-Decodable.swift"; sourceTree = "<group>"; };
		4CC4635A257D0EEF00523D4F /* explosion.json */ = {isa = PBXFileReference; lastKnownFileType = text.json; path = explosion.json; sourceTree = "<group>"; };
		4CC4635D257D0FE500523D4F /* fireflies.json */ = {isa = PBXFileReference; lastKnownFileType = text.json; path = fireflies.json; sourceTree = "<group>"; };
		4CC46360257D0FFF00523D4F /* magic.json */ = {isa = PBXFileReference; lastKnownFileType = text.json; path = magic.json; sourceTree = "<group>"; };
		4CC46363257D100F00523D4F /* rain.json */ = {isa = PBXFileReference; lastKnownFileType = text.json; path = rain.json; sourceTree = "<group>"; };
		4CC46366257D102300523D4F /* smoke.json */ = {isa = PBXFileReference; lastKnownFileType = text.json; path = smoke.json; sourceTree = "<group>"; };
		4CC46369257D103800523D4F /* snow.json */ = {isa = PBXFileReference; lastKnownFileType = text.json; path = snow.json; sourceTree = "<group>"; };
		4CCC7C89259134410005ACF5 /* OddDefaults.swift */ = {isa = PBXFileReference; lastKnownFileType = sourcecode.swift; path = OddDefaults.swift; sourceTree = "<group>"; };
		4CED053825790CD2000C29F3 /* WaveView.swift */ = {isa = PBXFileReference; lastKnownFileType = sourcecode.swift; path = WaveView.swift; sourceTree = "<group>"; };
		4CEEA4A525CEEE9D0077CD5A /* ToggleStyles.swift */ = {isa = PBXFileReference; lastKnownFileType = sourcecode.swift; path = ToggleStyles.swift; sourceTree = "<group>"; };
		4CFC2F5625C3511F00449C82 /* FlipView.swift */ = {isa = PBXFileReference; lastKnownFileType = sourcecode.swift; path = FlipView.swift; sourceTree = "<group>"; };
/* End PBXFileReference section */

/* Begin PBXFrameworksBuildPhase section */
		4C1E717B256386A90001D6B1 /* Frameworks */ = {
			isa = PBXFrameworksBuildPhase;
			buildActionMask = 2147483647;
			files = (
			);
			runOnlyForDeploymentPostprocessing = 0;
		};
/* End PBXFrameworksBuildPhase section */

/* Begin PBXGroup section */
		4C1E7175256386A90001D6B1 = {
			isa = PBXGroup;
			children = (
				4C94448925DAA7E20065863C /* Views */,
				4CC46355257D0BF200523D4F /* GeneralHelpers */,
				4CEEA4A425CEEE860077CD5A /* ComponentStyles */,
				4C445C142563885100EE579D /* FilteringList */,
				4C506D9F25812F2F0084E6A0 /* Networking */,
				4C1E7180256386A90001D6B1 /* OddComponents */,
				4C1E717F256386A90001D6B1 /* Products */,
			);
			sourceTree = "<group>";
		};
		4C1E717F256386A90001D6B1 /* Products */ = {
			isa = PBXGroup;
			children = (
				4C1E717E256386A90001D6B1 /* OddComponents.app */,
			);
			name = Products;
			sourceTree = "<group>";
		};
		4C1E7180256386A90001D6B1 /* OddComponents */ = {
			isa = PBXGroup;
			children = (
				4C1E7181256386A90001D6B1 /* OddComponentsApp.swift */,
				4C1E7183256386A90001D6B1 /* ContentView.swift */,
				4C1E7185256386AB0001D6B1 /* Assets.xcassets */,
				4C1E718A256386AB0001D6B1 /* Info.plist */,
				4C1E7187256386AB0001D6B1 /* Preview Content */,
			);
			path = OddComponents;
			sourceTree = "<group>";
		};
		4C1E7187256386AB0001D6B1 /* Preview Content */ = {
			isa = PBXGroup;
			children = (
				4C1E7188256386AB0001D6B1 /* Preview Assets.xcassets */,
			);
			path = "Preview Content";
			sourceTree = "<group>";
		};
		4C445C142563885100EE579D /* FilteringList */ = {
			isa = PBXGroup;
			children = (
				4C445C152563892100EE579D /* FilteringList.swift */,
				4C445C1925638A1100EE579D /* Singer.swift */,
			);
			path = FilteringList;
			sourceTree = "<group>";
		};
		4C506D9F25812F2F0084E6A0 /* Networking */ = {
			isa = PBXGroup;
			children = (
				4C506DA42581322D0084E6A0 /* OddNetworking.swift */,
				4C506DA025812F710084E6A0 /* NetworkingExampleView.swift */,
			);
			path = Networking;
			sourceTree = "<group>";
		};
		4C5D7355257AABE200AF0501 /* ParticleView */ = {
			isa = PBXGroup;
			children = (
				4CC46351257D086800523D4F /* ExampleModes */,
				4C58D8AD257CDE880042A46C /* ParticleConfig.swift */,
				4C5D7356257AABFE00AF0501 /* ParticleView.swift */,
				4C5D735A257AAC1000AF0501 /* Particle.xcassets */,
				4C58D8B1257CE0D10042A46C /* Codable-Extensions.swift */,
			);
			path = ParticleView;
			sourceTree = "<group>";
		};
		4C94448925DAA7E20065863C /* Views */ = {
			isa = PBXGroup;
			children = (
				4C2DCDE625BDB75F00B7115B /* LongPressButton.swift */,
				4C0430A125DBF738000EAAC2 /* RadialMenu.swift */,
				4C67846125D5713D00072A25 /* AccessibleStack.swift */,
				4CED053825790CD2000C29F3 /* WaveView.swift */,
				4C5D7355257AABE200AF0501 /* ParticleView */,
				4C097A40258E92060089D98C /* HeroView.swift */,
				4CFC2F5625C3511F00449C82 /* FlipView.swift */,
				4C94448F25DAA8E00065863C /* StretchingHeader.swift */,
				4C33838425DD5E150096751B /* RemoteImage.swift */,
			);
			path = Views;
			sourceTree = "<group>";
		};
		4CC46351257D086800523D4F /* ExampleModes */ = {
			isa = PBXGroup;
			children = (
				4CC46352257D098200523D4F /* confetti.json */,
				4CC4635A257D0EEF00523D4F /* explosion.json */,
				4CC4635D257D0FE500523D4F /* fireflies.json */,
				4CC46360257D0FFF00523D4F /* magic.json */,
				4CC46363257D100F00523D4F /* rain.json */,
				4CC46366257D102300523D4F /* smoke.json */,
				4CC46369257D103800523D4F /* snow.json */,
			);
			path = ExampleModes;
			sourceTree = "<group>";
		};
		4CC46355257D0BF200523D4F /* GeneralHelpers */ = {
			isa = PBXGroup;
			children = (
				4CC46356257D0C3500523D4F /* Bundle-Decodable.swift */,
				4CCC7C89259134410005ACF5 /* OddDefaults.swift */,
			);
			path = GeneralHelpers;
			sourceTree = "<group>";
		};
		4CEEA4A425CEEE860077CD5A /* ComponentStyles */ = {
			isa = PBXGroup;
			children = (
				4CEEA4A525CEEE9D0077CD5A /* ToggleStyles.swift */,
				4C330F6225D1D2A300FA6070 /* ProgressViewStyles.swift */,
			);
			path = ComponentStyles;
			sourceTree = "<group>";
		};
/* End PBXGroup section */

/* Begin PBXNativeTarget section */
		4C1E717D256386A90001D6B1 /* OddComponents */ = {
			isa = PBXNativeTarget;
			buildConfigurationList = 4C1E718D256386AB0001D6B1 /* Build configuration list for PBXNativeTarget "OddComponents" */;
			buildPhases = (
				4C1E717A256386A90001D6B1 /* Sources */,
				4C1E717B256386A90001D6B1 /* Frameworks */,
				4C1E717C256386A90001D6B1 /* Resources */,
			);
			buildRules = (
			);
			dependencies = (
			);
			name = OddComponents;
			productName = OddComponents;
			productReference = 4C1E717E256386A90001D6B1 /* OddComponents.app */;
			productType = "com.apple.product-type.application";
		};
/* End PBXNativeTarget section */

/* Begin PBXProject section */
		4C1E7176256386A90001D6B1 /* Project object */ = {
			isa = PBXProject;
			attributes = {
				LastSwiftUpdateCheck = 1220;
				LastUpgradeCheck = 1220;
				TargetAttributes = {
					4C1E717D256386A90001D6B1 = {
						CreatedOnToolsVersion = 12.2;
					};
				};
			};
			buildConfigurationList = 4C1E7179256386A90001D6B1 /* Build configuration list for PBXProject "OddComponents" */;
			compatibilityVersion = "Xcode 9.3";
			developmentRegion = en;
			hasScannedForEncodings = 0;
			knownRegions = (
				en,
				Base,
			);
			mainGroup = 4C1E7175256386A90001D6B1;
			productRefGroup = 4C1E717F256386A90001D6B1 /* Products */;
			projectDirPath = "";
			projectRoot = "";
			targets = (
				4C1E717D256386A90001D6B1 /* OddComponents */,
			);
		};
/* End PBXProject section */

/* Begin PBXResourcesBuildPhase section */
		4C1E717C256386A90001D6B1 /* Resources */ = {
			isa = PBXResourcesBuildPhase;
			buildActionMask = 2147483647;
			files = (
				4C5D735B257AAC1000AF0501 /* Particle.xcassets in Resources */,
				4CC46353257D098200523D4F /* confetti.json in Resources */,
				4CC4636A257D103800523D4F /* snow.json in Resources */,
				4C1E7189256386AB0001D6B1 /* Preview Assets.xcassets in Resources */,
				4CC46364257D100F00523D4F /* rain.json in Resources */,
				4CC4635E257D0FE500523D4F /* fireflies.json in Resources */,
				4CC46361257D0FFF00523D4F /* magic.json in Resources */,
				4C1E7186256386AB0001D6B1 /* Assets.xcassets in Resources */,
				4CC46367257D102300523D4F /* smoke.json in Resources */,
				4CC4635B257D0EEF00523D4F /* explosion.json in Resources */,
			);
			runOnlyForDeploymentPostprocessing = 0;
		};
/* End PBXResourcesBuildPhase section */

/* Begin PBXSourcesBuildPhase section */
		4C1E717A256386A90001D6B1 /* Sources */ = {
			isa = PBXSourcesBuildPhase;
			buildActionMask = 2147483647;
			files = (
				4C445C1A25638A1100EE579D /* Singer.swift in Sources */,
				4C0430A225DBF738000EAAC2 /* RadialMenu.swift in Sources */,
				4CED053925790CD2000C29F3 /* WaveView.swift in Sources */,
				4C097A41258E92060089D98C /* HeroView.swift in Sources */,
				4C58D8B2257CE0D10042A46C /* Codable-Extensions.swift in Sources */,
				4C445C162563892100EE579D /* FilteringList.swift in Sources */,
				4C1E7184256386A90001D6B1 /* ContentView.swift in Sources */,
				4CC46357257D0C3500523D4F /* Bundle-Decodable.swift in Sources */,
				4C58D8AE257CDE880042A46C /* ParticleConfig.swift in Sources */,
				4C33838525DD5E150096751B /* RemoteImage.swift in Sources */,
				4C2DCDE725BDB75F00B7115B /* LongPressButton.swift in Sources */,
				4C67846225D5713D00072A25 /* AccessibleStack.swift in Sources */,
				4C506DA52581322D0084E6A0 /* OddNetworking.swift in Sources */,
				4C330F6325D1D2A300FA6070 /* ProgressViewStyles.swift in Sources */,
				4CFC2F5725C3511F00449C82 /* FlipView.swift in Sources */,
				4C506DA125812F710084E6A0 /* NetworkingExampleView.swift in Sources */,
				4CCC7C8A259134410005ACF5 /* OddDefaults.swift in Sources */,
				4C5D7357257AABFE00AF0501 /* ParticleView.swift in Sources */,
				4C1E7182256386A90001D6B1 /* OddComponentsApp.swift in Sources */,
				4C94449025DAA8E00065863C /* StretchingHeader.swift in Sources */,
				4CEEA4A625CEEE9D0077CD5A /* ToggleStyles.swift in Sources */,
			);
			runOnlyForDeploymentPostprocessing = 0;
		};
/* End PBXSourcesBuildPhase section */

/* Begin XCBuildConfiguration section */
		4C1E718B256386AB0001D6B1 /* Debug */ = {
			isa = XCBuildConfiguration;
			buildSettings = {
				ALWAYS_SEARCH_USER_PATHS = NO;
				CLANG_ANALYZER_NONNULL = YES;
				CLANG_ANALYZER_NUMBER_OBJECT_CONVERSION = YES_AGGRESSIVE;
				CLANG_CXX_LANGUAGE_STANDARD = "gnu++14";
				CLANG_CXX_LIBRARY = "libc++";
				CLANG_ENABLE_MODULES = YES;
				CLANG_ENABLE_OBJC_ARC = YES;
				CLANG_ENABLE_OBJC_WEAK = YES;
				CLANG_WARN_BLOCK_CAPTURE_AUTORELEASING = YES;
				CLANG_WARN_BOOL_CONVERSION = YES;
				CLANG_WARN_COMMA = YES;
				CLANG_WARN_CONSTANT_CONVERSION = YES;
				CLANG_WARN_DEPRECATED_OBJC_IMPLEMENTATIONS = YES;
				CLANG_WARN_DIRECT_OBJC_ISA_USAGE = YES_ERROR;
				CLANG_WARN_DOCUMENTATION_COMMENTS = YES;
				CLANG_WARN_EMPTY_BODY = YES;
				CLANG_WARN_ENUM_CONVERSION = YES;
				CLANG_WARN_INFINITE_RECURSION = YES;
				CLANG_WARN_INT_CONVERSION = YES;
				CLANG_WARN_NON_LITERAL_NULL_CONVERSION = YES;
				CLANG_WARN_OBJC_IMPLICIT_RETAIN_SELF = YES;
				CLANG_WARN_OBJC_LITERAL_CONVERSION = YES;
				CLANG_WARN_OBJC_ROOT_CLASS = YES_ERROR;
				CLANG_WARN_QUOTED_INCLUDE_IN_FRAMEWORK_HEADER = YES;
				CLANG_WARN_RANGE_LOOP_ANALYSIS = YES;
				CLANG_WARN_STRICT_PROTOTYPES = YES;
				CLANG_WARN_SUSPICIOUS_MOVE = YES;
				CLANG_WARN_UNGUARDED_AVAILABILITY = YES_AGGRESSIVE;
				CLANG_WARN_UNREACHABLE_CODE = YES;
				CLANG_WARN__DUPLICATE_METHOD_MATCH = YES;
				COPY_PHASE_STRIP = NO;
				DEBUG_INFORMATION_FORMAT = dwarf;
				ENABLE_STRICT_OBJC_MSGSEND = YES;
				ENABLE_TESTABILITY = YES;
				GCC_C_LANGUAGE_STANDARD = gnu11;
				GCC_DYNAMIC_NO_PIC = NO;
				GCC_NO_COMMON_BLOCKS = YES;
				GCC_OPTIMIZATION_LEVEL = 0;
				GCC_PREPROCESSOR_DEFINITIONS = (
					"DEBUG=1",
					"$(inherited)",
				);
				GCC_WARN_64_TO_32_BIT_CONVERSION = YES;
				GCC_WARN_ABOUT_RETURN_TYPE = YES_ERROR;
				GCC_WARN_UNDECLARED_SELECTOR = YES;
				GCC_WARN_UNINITIALIZED_AUTOS = YES_AGGRESSIVE;
				GCC_WARN_UNUSED_FUNCTION = YES;
				GCC_WARN_UNUSED_VARIABLE = YES;
				IPHONEOS_DEPLOYMENT_TARGET = 14.2;
				MTL_ENABLE_DEBUG_INFO = INCLUDE_SOURCE;
				MTL_FAST_MATH = YES;
				ONLY_ACTIVE_ARCH = YES;
				SDKROOT = iphoneos;
				SWIFT_ACTIVE_COMPILATION_CONDITIONS = DEBUG;
				SWIFT_OPTIMIZATION_LEVEL = "-Onone";
			};
			name = Debug;
		};
		4C1E718C256386AB0001D6B1 /* Release */ = {
			isa = XCBuildConfiguration;
			buildSettings = {
				ALWAYS_SEARCH_USER_PATHS = NO;
				CLANG_ANALYZER_NONNULL = YES;
				CLANG_ANALYZER_NUMBER_OBJECT_CONVERSION = YES_AGGRESSIVE;
				CLANG_CXX_LANGUAGE_STANDARD = "gnu++14";
				CLANG_CXX_LIBRARY = "libc++";
				CLANG_ENABLE_MODULES = YES;
				CLANG_ENABLE_OBJC_ARC = YES;
				CLANG_ENABLE_OBJC_WEAK = YES;
				CLANG_WARN_BLOCK_CAPTURE_AUTORELEASING = YES;
				CLANG_WARN_BOOL_CONVERSION = YES;
				CLANG_WARN_COMMA = YES;
				CLANG_WARN_CONSTANT_CONVERSION = YES;
				CLANG_WARN_DEPRECATED_OBJC_IMPLEMENTATIONS = YES;
				CLANG_WARN_DIRECT_OBJC_ISA_USAGE = YES_ERROR;
				CLANG_WARN_DOCUMENTATION_COMMENTS = YES;
				CLANG_WARN_EMPTY_BODY = YES;
				CLANG_WARN_ENUM_CONVERSION = YES;
				CLANG_WARN_INFINITE_RECURSION = YES;
				CLANG_WARN_INT_CONVERSION = YES;
				CLANG_WARN_NON_LITERAL_NULL_CONVERSION = YES;
				CLANG_WARN_OBJC_IMPLICIT_RETAIN_SELF = YES;
				CLANG_WARN_OBJC_LITERAL_CONVERSION = YES;
				CLANG_WARN_OBJC_ROOT_CLASS = YES_ERROR;
				CLANG_WARN_QUOTED_INCLUDE_IN_FRAMEWORK_HEADER = YES;
				CLANG_WARN_RANGE_LOOP_ANALYSIS = YES;
				CLANG_WARN_STRICT_PROTOTYPES = YES;
				CLANG_WARN_SUSPICIOUS_MOVE = YES;
				CLANG_WARN_UNGUARDED_AVAILABILITY = YES_AGGRESSIVE;
				CLANG_WARN_UNREACHABLE_CODE = YES;
				CLANG_WARN__DUPLICATE_METHOD_MATCH = YES;
				COPY_PHASE_STRIP = NO;
				DEBUG_INFORMATION_FORMAT = "dwarf-with-dsym";
				ENABLE_NS_ASSERTIONS = NO;
				ENABLE_STRICT_OBJC_MSGSEND = YES;
				GCC_C_LANGUAGE_STANDARD = gnu11;
				GCC_NO_COMMON_BLOCKS = YES;
				GCC_WARN_64_TO_32_BIT_CONVERSION = YES;
				GCC_WARN_ABOUT_RETURN_TYPE = YES_ERROR;
				GCC_WARN_UNDECLARED_SELECTOR = YES;
				GCC_WARN_UNINITIALIZED_AUTOS = YES_AGGRESSIVE;
				GCC_WARN_UNUSED_FUNCTION = YES;
				GCC_WARN_UNUSED_VARIABLE = YES;
				IPHONEOS_DEPLOYMENT_TARGET = 14.2;
				MTL_ENABLE_DEBUG_INFO = NO;
				MTL_FAST_MATH = YES;
				SDKROOT = iphoneos;
				SWIFT_COMPILATION_MODE = wholemodule;
				SWIFT_OPTIMIZATION_LEVEL = "-O";
				VALIDATE_PRODUCT = YES;
			};
			name = Release;
		};
		4C1E718E256386AB0001D6B1 /* Debug */ = {
			isa = XCBuildConfiguration;
			buildSettings = {
				ASSETCATALOG_COMPILER_APPICON_NAME = AppIcon;
				ASSETCATALOG_COMPILER_GLOBAL_ACCENT_COLOR_NAME = AccentColor;
				CODE_SIGN_STYLE = Automatic;
				DEVELOPMENT_ASSET_PATHS = "\"OddComponents/Preview Content\"";
				DEVELOPMENT_TEAM = K5ZJLTFVCL;
				ENABLE_PREVIEWS = YES;
				INFOPLIST_FILE = OddComponents/Info.plist;
				IPHONEOS_DEPLOYMENT_TARGET = 14.0;
				LD_RUNPATH_SEARCH_PATHS = (
					"$(inherited)",
					"@executable_path/Frameworks",
				);
				PRODUCT_BUNDLE_IDENTIFIER = io.github.oddmagnet.OddComponents;
				PRODUCT_NAME = "$(TARGET_NAME)";
				SWIFT_VERSION = 5.0;
				TARGETED_DEVICE_FAMILY = "1,2";
			};
			name = Debug;
		};
		4C1E718F256386AB0001D6B1 /* Release */ = {
			isa = XCBuildConfiguration;
			buildSettings = {
				ASSETCATALOG_COMPILER_APPICON_NAME = AppIcon;
				ASSETCATALOG_COMPILER_GLOBAL_ACCENT_COLOR_NAME = AccentColor;
				CODE_SIGN_STYLE = Automatic;
				DEVELOPMENT_ASSET_PATHS = "\"OddComponents/Preview Content\"";
				DEVELOPMENT_TEAM = K5ZJLTFVCL;
				ENABLE_PREVIEWS = YES;
				INFOPLIST_FILE = OddComponents/Info.plist;
				IPHONEOS_DEPLOYMENT_TARGET = 14.0;
				LD_RUNPATH_SEARCH_PATHS = (
					"$(inherited)",
					"@executable_path/Frameworks",
				);
				PRODUCT_BUNDLE_IDENTIFIER = io.github.oddmagnet.OddComponents;
				PRODUCT_NAME = "$(TARGET_NAME)";
				SWIFT_VERSION = 5.0;
				TARGETED_DEVICE_FAMILY = "1,2";
			};
			name = Release;
		};
/* End XCBuildConfiguration section */

/* Begin XCConfigurationList section */
		4C1E7179256386A90001D6B1 /* Build configuration list for PBXProject "OddComponents" */ = {
			isa = XCConfigurationList;
			buildConfigurations = (
				4C1E718B256386AB0001D6B1 /* Debug */,
				4C1E718C256386AB0001D6B1 /* Release */,
			);
			defaultConfigurationIsVisible = 0;
			defaultConfigurationName = Release;
		};
		4C1E718D256386AB0001D6B1 /* Build configuration list for PBXNativeTarget "OddComponents" */ = {
			isa = XCConfigurationList;
			buildConfigurations = (
				4C1E718E256386AB0001D6B1 /* Debug */,
				4C1E718F256386AB0001D6B1 /* Release */,
			);
			defaultConfigurationIsVisible = 0;
			defaultConfigurationName = Release;
		};
/* End XCConfigurationList section */
	};
	rootObject = 4C1E7176256386A90001D6B1 /* Project object */;
}
